
Microsoft Visual Studio Solution File, Format Version 12.00
# Visual Studio Version 17
VisualStudioVersion = 17.0.31903.59
MinimumVisualStudioVersion = 10.0.40219.1
Project("{FAE04EC0-301F-11D3-BF4B-00C04F79EFBC}") = "PesquisasStartup.Dominio", "PesquisasStartup.Dominio\PesquisasStartup.Dominio.csproj", "{AD6057B4-A113-46C3-B18B-9C5548E57207}"
EndProject
Project("{2150E333-8FDC-42A3-9474-1A3956D46DE8}") = "Dominio", "Dominio", "{BD2C26B6-CC48-4044-A2E7-300B5DC8957F}"
EndProject
Project("{FAE04EC0-301F-11D3-BF4B-00C04F79EFBC}") = "PesquisasStartup.Dominio.Testes", "PesquisasStartup.Dominio.Testes\PesquisasStartup.Dominio.Testes.csproj", "{E85B82DA-57AC-4A46-90AF-4B9774652A3D}"
EndProject
Project("{2150E333-8FDC-42A3-9474-1A3956D46DE8}") = "ItensDeSolução", "ItensDeSolução", "{AE6A1A4D-A7F2-45D5-8413-9DEB2B1F1D73}"
	ProjectSection(SolutionItems) = preProject
		..\.dockerignore = ..\.dockerignore
		..\.gitignore = ..\.gitignore
		..\compose.yaml = ..\compose.yaml
		..\README.Docker.md = ..\README.Docker.md
		..\README.md = ..\README.md
	EndProjectSection
EndProject
Project("{2150E333-8FDC-42A3-9474-1A3956D46DE8}") = "Infraestrutura", "Infraestrutura", "{38829632-40CA-4333-8F77-6E5082EC53B2}"
EndProject
Project("{FAE04EC0-301F-11D3-BF4B-00C04F79EFBC}") = "PesquisasStartup.Infraestrutura", "PesquisasStartup.Infraestrutura\PesquisasStartup.Infraestrutura.csproj", "{84D3C95A-91A8-4A30-9471-3C9D22269891}"
EndProject
Project("{FAE04EC0-301F-11D3-BF4B-00C04F79EFBC}") = "PesquisasStartup.Infraestrutra.Testes", "PesquisasStartup.Infraestrutra.Testes\PesquisasStartup.Infraestrutra.Testes.csproj", "{953757A3-7743-4AA4-A39E-6FC8F1152A93}"
EndProject
Project("{2150E333-8FDC-42A3-9474-1A3956D46DE8}") = "Aplicação", "Aplicação", "{09F76A16-B376-43EB-AC90-C58CBE2CDF79}"
EndProject
Project("{FAE04EC0-301F-11D3-BF4B-00C04F79EFBC}") = "PesquisasStartup.Aplicacao", "PesquisasStartup.Aplicacao\PesquisasStartup.Aplicacao.csproj", "{1929F10F-79CF-4143-8FD6-B04AD1739ED7}"
EndProject
Global
	GlobalSection(SolutionConfigurationPlatforms) = preSolution
		Debug|Any CPU = Debug|Any CPU
		Release|Any CPU = Release|Any CPU
	EndGlobalSection
	GlobalSection(SolutionProperties) = preSolution
		HideSolutionNode = FALSE
	EndGlobalSection
	GlobalSection(ProjectConfigurationPlatforms) = postSolution
		{AD6057B4-A113-46C3-B18B-9C5548E57207}.Debug|Any CPU.ActiveCfg = Debug|Any CPU
		{AD6057B4-A113-46C3-B18B-9C5548E57207}.Debug|Any CPU.Build.0 = Debug|Any CPU
		{AD6057B4-A113-46C3-B18B-9C5548E57207}.Release|Any CPU.ActiveCfg = Release|Any CPU
		{AD6057B4-A113-46C3-B18B-9C5548E57207}.Release|Any CPU.Build.0 = Release|Any CPU
		{E85B82DA-57AC-4A46-90AF-4B9774652A3D}.Debug|Any CPU.ActiveCfg = Debug|Any CPU
		{E85B82DA-57AC-4A46-90AF-4B9774652A3D}.Debug|Any CPU.Build.0 = Debug|Any CPU
		{E85B82DA-57AC-4A46-90AF-4B9774652A3D}.Release|Any CPU.ActiveCfg = Release|Any CPU
		{E85B82DA-57AC-4A46-90AF-4B9774652A3D}.Release|Any CPU.Build.0 = Release|Any CPU
		{84D3C95A-91A8-4A30-9471-3C9D22269891}.Debug|Any CPU.ActiveCfg = Debug|Any CPU
		{84D3C95A-91A8-4A30-9471-3C9D22269891}.Debug|Any CPU.Build.0 = Debug|Any CPU
		{84D3C95A-91A8-4A30-9471-3C9D22269891}.Release|Any CPU.ActiveCfg = Release|Any CPU
		{84D3C95A-91A8-4A30-9471-3C9D22269891}.Release|Any CPU.Build.0 = Release|Any CPU
		{953757A3-7743-4AA4-A39E-6FC8F1152A93}.Debug|Any CPU.ActiveCfg = Debug|Any CPU
		{953757A3-7743-4AA4-A39E-6FC8F1152A93}.Debug|Any CPU.Build.0 = Debug|Any CPU
		{953757A3-7743-4AA4-A39E-6FC8F1152A93}.Release|Any CPU.ActiveCfg = Release|Any CPU
		{953757A3-7743-4AA4-A39E-6FC8F1152A93}.Release|Any CPU.Build.0 = Release|Any CPU
		{1929F10F-79CF-4143-8FD6-B04AD1739ED7}.Debug|Any CPU.ActiveCfg = Debug|Any CPU
		{1929F10F-79CF-4143-8FD6-B04AD1739ED7}.Debug|Any CPU.Build.0 = Debug|Any CPU
		{1929F10F-79CF-4143-8FD6-B04AD1739ED7}.Release|Any CPU.ActiveCfg = Release|Any CPU
		{1929F10F-79CF-4143-8FD6-B04AD1739ED7}.Release|Any CPU.Build.0 = Release|Any CPU
	EndGlobalSection
	GlobalSection(NestedProjects) = preSolution
		{AD6057B4-A113-46C3-B18B-9C5548E57207} = {BD2C26B6-CC48-4044-A2E7-300B5DC8957F}
		{E85B82DA-57AC-4A46-90AF-4B9774652A3D} = {BD2C26B6-CC48-4044-A2E7-300B5DC8957F}
		{84D3C95A-91A8-4A30-9471-3C9D22269891} = {38829632-40CA-4333-8F77-6E5082EC53B2}
		{953757A3-7743-4AA4-A39E-6FC8F1152A93} = {38829632-40CA-4333-8F77-6E5082EC53B2}
		{1929F10F-79CF-4143-8FD6-B04AD1739ED7} = {09F76A16-B376-43EB-AC90-C58CBE2CDF79}
	EndGlobalSection
EndGlobal
