
Microsoft Visual Studio Solution File, Format Version 12.00
# Visual Studio Version 17
VisualStudioVersion = 17.0.31903.59
MinimumVisualStudioVersion = 10.0.40219.1
Project("{FAE04EC0-301F-11D3-BF4B-00C04F79EFBC}") = "api", "api\api.csproj", "{3F495A0D-6DA1-4801-AA70-91379EAB76F2}"
EndProject
Project("{FAE04EC0-301F-11D3-BF4B-00C04F79EFBC}") = "tests", "tests\tests.csproj", "{3418E736-04B0-4AF0-8F3E-CBE809C11459}"
EndProject
Global
	GlobalSection(SolutionConfigurationPlatforms) = preSolution
		Debug|Any CPU = Debug|Any CPU
		Release|Any CPU = Release|Any CPU
	EndGlobalSection
	GlobalSection(SolutionProperties) = preSolution
		HideSolutionNode = FALSE
	EndGlobalSection
	GlobalSection(ProjectConfigurationPlatforms) = postSolution
		{3F495A0D-6DA1-4801-AA70-91379EAB76F2}.Debug|Any CPU.ActiveCfg = Debug|Any CPU
		{3F495A0D-6DA1-4801-AA70-91379EAB76F2}.Debug|Any CPU.Build.0 = Debug|Any CPU
		{3F495A0D-6DA1-4801-AA70-91379EAB76F2}.Release|Any CPU.ActiveCfg = Release|Any CPU
		{3F495A0D-6DA1-4801-AA70-91379EAB76F2}.Release|Any CPU.Build.0 = Release|Any CPU
		{3418E736-04B0-4AF0-8F3E-CBE809C11459}.Debug|Any CPU.ActiveCfg = Debug|Any CPU
		{3418E736-04B0-4AF0-8F3E-CBE809C11459}.Debug|Any CPU.Build.0 = Debug|Any CPU
		{3418E736-04B0-4AF0-8F3E-CBE809C11459}.Release|Any CPU.ActiveCfg = Release|Any CPU
		{3418E736-04B0-4AF0-8F3E-CBE809C11459}.Release|Any CPU.Build.0 = Release|Any CPU
	EndGlobalSection
EndGlobal
